
Microsoft Visual Studio Solution File, Format Version 12.00
# Visual Studio Version 17
VisualStudioVersion = 17.0.32112.339
MinimumVisualStudioVersion = 10.0.40219.1
Project("{9A19103F-16F7-4668-BE54-9A1E7A4F7556}") = "ServerApp", "ServerApp.csproj", "{75661E3C-D4D7-403B-AF31-3CDB4FBF5B31}"
EndProject
Global
	GlobalSection(SolutionConfigurationPlatforms) = preSolution
		Debug|Any CPU = Debug|Any CPU
		Release|Any CPU = Release|Any CPU
	EndGlobalSection
	GlobalSection(ProjectConfigurationPlatforms) = postSolution
		{75661E3C-D4D7-403B-AF31-3CDB4FBF5B31}.Debug|Any CPU.ActiveCfg = Debug|Any CPU
		{75661E3C-D4D7-403B-AF31-3CDB4FBF5B31}.Debug|Any CPU.Build.0 = Debug|Any CPU
		{75661E3C-D4D7-403B-AF31-3CDB4FBF5B31}.Release|Any CPU.ActiveCfg = Release|Any CPU
		{75661E3C-D4D7-403B-AF31-3CDB4FBF5B31}.Release|Any CPU.Build.0 = Release|Any CPU
	EndGlobalSection
	GlobalSection(SolutionProperties) = preSolution
		HideSolutionNode = FALSE
	EndGlobalSection
	GlobalSection(ExtensibilityGlobals) = postSolution
		SolutionGuid = {8978AA5F-7A3D-4DE6-B5D8-9FC5E23FFAD6}
	EndGlobalSection
EndGlobal
