
Microsoft Visual Studio Solution File, Format Version 12.00
# Visual Studio Version 17
VisualStudioVersion = 17.4.33213.308
MinimumVisualStudioVersion = 10.0.40219.1
Project("{FAE04EC0-301F-11D3-BF4B-00C04F79EFBC}") = "UploadingExcelFile", "UploadingExcelFile.csproj", "{FAE8C557-49C5-454B-ACD9-BC6D87994EE5}"
EndProject
Global
	GlobalSection(SolutionConfigurationPlatforms) = preSolution
		Debug|Any CPU = Debug|Any CPU
		Release|Any CPU = Release|Any CPU
	EndGlobalSection
	GlobalSection(ProjectConfigurationPlatforms) = postSolution
		{FAE8C557-49C5-454B-ACD9-BC6D87994EE5}.Debug|Any CPU.ActiveCfg = Debug|Any CPU
		{FAE8C557-49C5-454B-ACD9-BC6D87994EE5}.Debug|Any CPU.Build.0 = Debug|Any CPU
		{FAE8C557-49C5-454B-ACD9-BC6D87994EE5}.Release|Any CPU.ActiveCfg = Release|Any CPU
		{FAE8C557-49C5-454B-ACD9-BC6D87994EE5}.Release|Any CPU.Build.0 = Release|Any CPU
	EndGlobalSection
	GlobalSection(SolutionProperties) = preSolution
		HideSolutionNode = FALSE
	EndGlobalSection
	GlobalSection(ExtensibilityGlobals) = postSolution
		SolutionGuid = {81CDF74C-64DF-4113-99E9-E0A614CBE5A9}
	EndGlobalSection
EndGlobal
